
Microsoft Visual Studio Solution File, Format Version 12.00
# Visual Studio Version 16
VisualStudioVersion = 16.0.31613.86
MinimumVisualStudioVersion = 10.0.40219.1
Project("{8BC9CEB8-8B4A-11D0-8D11-00A0C91BC942}") = "findNULL", "find_NULL\find_NULL.vcxproj", "{D25E7F8A-5E55-485F-BA92-7A0DF8CD44D0}"
EndProject
Project("{8BC9CEB8-8B4A-11D0-8D11-00A0C91BC942}") = "mergeTwo", "mergeTwo\mergeTwo.vcxproj", "{A47B3398-BCF1-4DFF-A11B-0AA231540262}"
EndProject
Project("{8BC9CEB8-8B4A-11D0-8D11-00A0C91BC942}") = "sortBig", "sortBig\sortBig.vcxproj", "{E58F7DA4-7926-4E28-B938-34DBE41965C2}"
EndProject
Global
	GlobalSection(SolutionConfigurationPlatforms) = preSolution
		Debug|x64 = Debug|x64
		Debug|x86 = Debug|x86
		Release|x64 = Release|x64
		Release|x86 = Release|x86
	EndGlobalSection
	GlobalSection(ProjectConfigurationPlatforms) = postSolution
		{D25E7F8A-5E55-485F-BA92-7A0DF8CD44D0}.Debug|x64.ActiveCfg = Debug|x64
		{D25E7F8A-5E55-485F-BA92-7A0DF8CD44D0}.Debug|x64.Build.0 = Debug|x64
		{D25E7F8A-5E55-485F-BA92-7A0DF8CD44D0}.Debug|x86.ActiveCfg = Debug|Win32
		{D25E7F8A-5E55-485F-BA92-7A0DF8CD44D0}.Debug|x86.Build.0 = Debug|Win32
		{D25E7F8A-5E55-485F-BA92-7A0DF8CD44D0}.Release|x64.ActiveCfg = Release|x64
		{D25E7F8A-5E55-485F-BA92-7A0DF8CD44D0}.Release|x64.Build.0 = Release|x64
		{D25E7F8A-5E55-485F-BA92-7A0DF8CD44D0}.Release|x86.ActiveCfg = Release|Win32
		{D25E7F8A-5E55-485F-BA92-7A0DF8CD44D0}.Release|x86.Build.0 = Release|Win32
		{A47B3398-BCF1-4DFF-A11B-0AA231540262}.Debug|x64.ActiveCfg = Debug|x64
		{A47B3398-BCF1-4DFF-A11B-0AA231540262}.Debug|x64.Build.0 = Debug|x64
		{A47B3398-BCF1-4DFF-A11B-0AA231540262}.Debug|x86.ActiveCfg = Debug|Win32
		{A47B3398-BCF1-4DFF-A11B-0AA231540262}.Debug|x86.Build.0 = Debug|Win32
		{A47B3398-BCF1-4DFF-A11B-0AA231540262}.Release|x64.ActiveCfg = Release|x64
		{A47B3398-BCF1-4DFF-A11B-0AA231540262}.Release|x64.Build.0 = Release|x64
		{A47B3398-BCF1-4DFF-A11B-0AA231540262}.Release|x86.ActiveCfg = Release|Win32
		{A47B3398-BCF1-4DFF-A11B-0AA231540262}.Release|x86.Build.0 = Release|Win32
		{E58F7DA4-7926-4E28-B938-34DBE41965C2}.Debug|x64.ActiveCfg = Debug|x64
		{E58F7DA4-7926-4E28-B938-34DBE41965C2}.Debug|x64.Build.0 = Debug|x64
		{E58F7DA4-7926-4E28-B938-34DBE41965C2}.Debug|x86.ActiveCfg = Debug|Win32
		{E58F7DA4-7926-4E28-B938-34DBE41965C2}.Debug|x86.Build.0 = Debug|Win32
		{E58F7DA4-7926-4E28-B938-34DBE41965C2}.Release|x64.ActiveCfg = Release|x64
		{E58F7DA4-7926-4E28-B938-34DBE41965C2}.Release|x64.Build.0 = Release|x64
		{E58F7DA4-7926-4E28-B938-34DBE41965C2}.Release|x86.ActiveCfg = Release|Win32
		{E58F7DA4-7926-4E28-B938-34DBE41965C2}.Release|x86.Build.0 = Release|Win32
	EndGlobalSection
	GlobalSection(SolutionProperties) = preSolution
		HideSolutionNode = FALSE
	EndGlobalSection
	GlobalSection(ExtensibilityGlobals) = postSolution
		SolutionGuid = {CB196252-3955-4FA5-8300-EF533D849EB3}
	EndGlobalSection
EndGlobal
